
Microsoft Visual Studio Solution File, Format Version 12.00
# Visual Studio 15
VisualStudioVersion = 15.0.28010.2016
MinimumVisualStudioVersion = 10.0.40219.1
Project("{FAE04EC0-301F-11D3-BF4B-00C04F79EFBC}") = "API_Test2", "API_Test2\API_Test2.csproj", "{5704C738-8B33-48AF-80BD-A25507BAE6C1}"
EndProject
Global
	GlobalSection(SolutionConfigurationPlatforms) = preSolution
		Debug|Any CPU = Debug|Any CPU
		Release|Any CPU = Release|Any CPU
	EndGlobalSection
	GlobalSection(ProjectConfigurationPlatforms) = postSolution
		{5704C738-8B33-48AF-80BD-A25507BAE6C1}.Debug|Any CPU.ActiveCfg = Debug|Any CPU
		{5704C738-8B33-48AF-80BD-A25507BAE6C1}.Debug|Any CPU.Build.0 = Debug|Any CPU
		{5704C738-8B33-48AF-80BD-A25507BAE6C1}.Release|Any CPU.ActiveCfg = Release|Any CPU
		{5704C738-8B33-48AF-80BD-A25507BAE6C1}.Release|Any CPU.Build.0 = Release|Any CPU
	EndGlobalSection
	GlobalSection(SolutionProperties) = preSolution
		HideSolutionNode = FALSE
	EndGlobalSection
	GlobalSection(ExtensibilityGlobals) = postSolution
		SolutionGuid = {01B824FC-9F5F-4BA6-9152-47B4975BC6C3}
	EndGlobalSection
	GlobalSection(TeamFoundationVersionControl) = preSolution
		SccNumberOfProjects = 2
		SccEnterpriseProvider = {4CA58AB2-18FA-4F8D-95D4-32DDF27D184C}
		SccTeamFoundationServer = https://tasleemhussein.visualstudio.com/
		SccLocalPath0 = .
		SccProjectUniqueName1 = API_Test2\\API_Test2.csproj
		SccProjectName1 = API_Test2
		SccLocalPath1 = API_Test2
	EndGlobalSection
EndGlobal
